github.com/akfaew/test v0.0.0-20190601085208-e787bce5d914 h1:NTr8XBoeNHjMQRa0Hxre7IJ7vHQzDhZ6N3HtjpghjP4=
github.com/akfaew/test v0.0.0-20190601085208-e787bce5d914/go.mod h1:W0czkPcrCL2YBWuhEeI0uHDVMkKXWubVnVDnI701JN8=
github.com/geekmail/go-geekmail v0.0.0-20190619081302-b0cf82169e6b h1:DDtiuJfn49wLftKtqS6e/Pl/D40phVEj6UrYks9YpHs=
github.com/geekmail/go-geekmail v0.0.0-20190619081302-b0cf82169e6b/go.mod h1:hFLv9Y1Q4GpmOJnYEBDmXSNjGbeJmzg9IEy3sOCKHTw=
